
Microsoft Visual Studio Solution File, Format Version 11.00
# Visual Studio 2010
Project("{FAE04EC0-301F-11D3-BF4B-00C04F79EFBC}") = "Unity.Mono", "Unity.Mono.csproj", "{5910fa29-5797-199c-985b-fc9fc473328e}"
EndProject
Project("{FAE04EC0-301F-11D3-BF4B-00C04F79EFBC}") = "Unity.ThirdParty", "Unity.ThirdParty.csproj", "{d2ad5be1-263a-9a30-ab0f-dc5b08044350}"
EndProject
Project("{FAE04EC0-301F-11D3-BF4B-00C04F79EFBC}") = "spine-unity", "spine-unity.csproj", "{4ebdc6d9-b198-4028-cad8-6ae288c4c16e}"
EndProject
Project("{FAE04EC0-301F-11D3-BF4B-00C04F79EFBC}") = "Assembly-CSharp", "Assembly-CSharp.csproj", "{03938ccd-4b40-8dfb-6b9b-21988d5cac0a}"
EndProject
Project("{FAE04EC0-301F-11D3-BF4B-00C04F79EFBC}") = "UniWebView-CSharp", "UniWebView-CSharp.csproj", "{8a1bd24c-b0b8-93cd-0b27-49a875d7be2a}"
EndProject
Project("{FAE04EC0-301F-11D3-BF4B-00C04F79EFBC}") = "Unity.DoTween", "Unity.DoTween.csproj", "{6f5bf3c1-ffdc-d82c-9c72-79032d7c3d30}"
EndProject
Project("{FAE04EC0-301F-11D3-BF4B-00C04F79EFBC}") = "Assembly-CSharp-Editor", "Assembly-CSharp-Editor.csproj", "{c6e61163-200a-3b38-320b-694068de37a5}"
EndProject
Project("{FAE04EC0-301F-11D3-BF4B-00C04F79EFBC}") = "spine-unity-editor", "spine-unity-editor.csproj", "{d8f80abd-98ec-9464-f316-0c1f7b74aa00}"
EndProject
Project("{FAE04EC0-301F-11D3-BF4B-00C04F79EFBC}") = "Unity.Editor", "Unity.Editor.csproj", "{041131cd-3018-19b1-81b6-5dbee2467ffb}"
EndProject
Project("{FAE04EC0-301F-11D3-BF4B-00C04F79EFBC}") = "UniWebView-CSharp.Editor", "UniWebView-CSharp.Editor.csproj", "{1a149056-51e6-784e-5781-ac929c527a2e}"
EndProject
Project("{FAE04EC0-301F-11D3-BF4B-00C04F79EFBC}") = "Assembly-CSharp-firstpass", "Assembly-CSharp-firstpass.csproj", "{09b46226-3263-561e-d797-c9025c53bdd6}"
EndProject
Global
	GlobalSection(SolutionConfigurationPlatforms) = preSolution
		Debug|Any CPU = Debug|Any CPU
	EndGlobalSection
	GlobalSection(ProjectConfigurationPlatforms) = postSolution
		{5910fa29-5797-199c-985b-fc9fc473328e}.Debug|Any CPU.ActiveCfg = Debug|Any CPU
		{5910fa29-5797-199c-985b-fc9fc473328e}.Debug|Any CPU.Build.0 = Debug|Any CPU
		{d2ad5be1-263a-9a30-ab0f-dc5b08044350}.Debug|Any CPU.ActiveCfg = Debug|Any CPU
		{d2ad5be1-263a-9a30-ab0f-dc5b08044350}.Debug|Any CPU.Build.0 = Debug|Any CPU
		{4ebdc6d9-b198-4028-cad8-6ae288c4c16e}.Debug|Any CPU.ActiveCfg = Debug|Any CPU
		{4ebdc6d9-b198-4028-cad8-6ae288c4c16e}.Debug|Any CPU.Build.0 = Debug|Any CPU
		{03938ccd-4b40-8dfb-6b9b-21988d5cac0a}.Debug|Any CPU.ActiveCfg = Debug|Any CPU
		{03938ccd-4b40-8dfb-6b9b-21988d5cac0a}.Debug|Any CPU.Build.0 = Debug|Any CPU
		{8a1bd24c-b0b8-93cd-0b27-49a875d7be2a}.Debug|Any CPU.ActiveCfg = Debug|Any CPU
		{8a1bd24c-b0b8-93cd-0b27-49a875d7be2a}.Debug|Any CPU.Build.0 = Debug|Any CPU
		{6f5bf3c1-ffdc-d82c-9c72-79032d7c3d30}.Debug|Any CPU.ActiveCfg = Debug|Any CPU
		{6f5bf3c1-ffdc-d82c-9c72-79032d7c3d30}.Debug|Any CPU.Build.0 = Debug|Any CPU
		{c6e61163-200a-3b38-320b-694068de37a5}.Debug|Any CPU.ActiveCfg = Debug|Any CPU
		{c6e61163-200a-3b38-320b-694068de37a5}.Debug|Any CPU.Build.0 = Debug|Any CPU
		{d8f80abd-98ec-9464-f316-0c1f7b74aa00}.Debug|Any CPU.ActiveCfg = Debug|Any CPU
		{d8f80abd-98ec-9464-f316-0c1f7b74aa00}.Debug|Any CPU.Build.0 = Debug|Any CPU
		{041131cd-3018-19b1-81b6-5dbee2467ffb}.Debug|Any CPU.ActiveCfg = Debug|Any CPU
		{041131cd-3018-19b1-81b6-5dbee2467ffb}.Debug|Any CPU.Build.0 = Debug|Any CPU
		{1a149056-51e6-784e-5781-ac929c527a2e}.Debug|Any CPU.ActiveCfg = Debug|Any CPU
		{1a149056-51e6-784e-5781-ac929c527a2e}.Debug|Any CPU.Build.0 = Debug|Any CPU
		{09b46226-3263-561e-d797-c9025c53bdd6}.Debug|Any CPU.ActiveCfg = Debug|Any CPU
		{09b46226-3263-561e-d797-c9025c53bdd6}.Debug|Any CPU.Build.0 = Debug|Any CPU
	EndGlobalSection
	GlobalSection(SolutionProperties) = preSolution
		HideSolutionNode = FALSE
	EndGlobalSection
EndGlobal
